{
  "name": "HS_blog_vuepress",
  "version": "1.0.0",
  "lockfileVersion": 1,
  "requires": true,
  "dependencies": {
    "vue": {
      "version": "2.6.11",
      "resolved": "https://registry.npmjs.org/vue/-/vue-2.6.11.tgz",
      "integrity": "sha512-VfPwgcGABbGAue9+sfrD4PuwFar7gPb1yl1UK1MwXoQPAw0BKSqWfoYCT/ThFrdEVWoI51dBuyCoiNU9bZDZxQ=="
    },
    "vue-contribution": {
      "version": "0.1.9",
      "resolved": "https://registry.npmjs.org/vue-contribution/-/vue-contribution-0.1.9.tgz",
      "integrity": "sha512-1c6CIuwX1S72m9iTNbIfv29MHUDiABWHWfcwOowmVP5rH9Y/bGIX9j5pCH2eiQvWf4WaI3mPZRTUx0qwge+U6w==",
      "requires": {
        "vue": "2.6.11"
      }
    }
  }
}
